
Microsoft Visual Studio Solution File, Format Version 12.00
# Visual Studio Version 16
VisualStudioVersion = 16.0.30711.63
MinimumVisualStudioVersion = 10.0.40219.1
Project("{9A19103F-16F7-4668-BE54-9A1E7A4F7556}") = "Bumbo.Data", "Bumbo.Data\Bumbo.Data.csproj", "{CFB7355E-85A3-4D4E-9709-25AD8B8815DF}"
EndProject
Project("{9A19103F-16F7-4668-BE54-9A1E7A4F7556}") = "Bumbo.Web", "Bumbo.Web\Bumbo.Web.csproj", "{3E6781A5-6C44-4F8B-A1A6-38C01BABB61D}"
EndProject
Project("{9A19103F-16F7-4668-BE54-9A1E7A4F7556}") = "Bumbo.Tests", "Bumbo.Tests\Bumbo.Tests.csproj", "{5418349A-1FDF-484E-BE61-BD1F9272B263}"
EndProject
Project("{9092AA53-FB77-4645-B42D-1CCCA6BD08BD}") = "Bumbo.Tests.Cypress", "Bumbo.Tests.Cypress\Bumbo.Tests.Cypress.njsproj", "{FA66FF0A-9805-4360-8316-9A08B0438163}"
EndProject
Project("{9A19103F-16F7-4668-BE54-9A1E7A4F7556}") = "Bumbo.Logic", "Bumbo.Logic\Bumbo.Logic.csproj", "{CABF5193-C076-4B35-ABAE-BD2EE93DB2DE}"
EndProject
Project("{2150E333-8FDC-42A3-9474-1A3956D46DE8}") = "Solution Items", "Solution Items", "{90768E84-0F07-46CE-9855-0363D8351B99}"
	ProjectSection(SolutionItems) = preProject
		.editorconfig = .editorconfig
		.editorconfig.inferred = .editorconfig.inferred
	EndProjectSection
EndProject
Global
	GlobalSection(SolutionConfigurationPlatforms) = preSolution
		Debug|Any CPU = Debug|Any CPU
		Release|Any CPU = Release|Any CPU
	EndGlobalSection
	GlobalSection(ProjectConfigurationPlatforms) = postSolution
		{CFB7355E-85A3-4D4E-9709-25AD8B8815DF}.Debug|Any CPU.ActiveCfg = Debug|Any CPU
		{CFB7355E-85A3-4D4E-9709-25AD8B8815DF}.Debug|Any CPU.Build.0 = Debug|Any CPU
		{CFB7355E-85A3-4D4E-9709-25AD8B8815DF}.Release|Any CPU.ActiveCfg = Release|Any CPU
		{CFB7355E-85A3-4D4E-9709-25AD8B8815DF}.Release|Any CPU.Build.0 = Release|Any CPU
		{3E6781A5-6C44-4F8B-A1A6-38C01BABB61D}.Debug|Any CPU.ActiveCfg = Debug|Any CPU
		{3E6781A5-6C44-4F8B-A1A6-38C01BABB61D}.Debug|Any CPU.Build.0 = Debug|Any CPU
		{3E6781A5-6C44-4F8B-A1A6-38C01BABB61D}.Release|Any CPU.ActiveCfg = Release|Any CPU
		{3E6781A5-6C44-4F8B-A1A6-38C01BABB61D}.Release|Any CPU.Build.0 = Release|Any CPU
		{5418349A-1FDF-484E-BE61-BD1F9272B263}.Debug|Any CPU.ActiveCfg = Debug|Any CPU
		{5418349A-1FDF-484E-BE61-BD1F9272B263}.Debug|Any CPU.Build.0 = Debug|Any CPU
		{5418349A-1FDF-484E-BE61-BD1F9272B263}.Release|Any CPU.ActiveCfg = Release|Any CPU
		{5418349A-1FDF-484E-BE61-BD1F9272B263}.Release|Any CPU.Build.0 = Release|Any CPU
		{FA66FF0A-9805-4360-8316-9A08B0438163}.Debug|Any CPU.ActiveCfg = Debug|Any CPU
		{FA66FF0A-9805-4360-8316-9A08B0438163}.Release|Any CPU.ActiveCfg = Release|Any CPU
		{CABF5193-C076-4B35-ABAE-BD2EE93DB2DE}.Debug|Any CPU.ActiveCfg = Debug|Any CPU
		{CABF5193-C076-4B35-ABAE-BD2EE93DB2DE}.Debug|Any CPU.Build.0 = Debug|Any CPU
		{CABF5193-C076-4B35-ABAE-BD2EE93DB2DE}.Release|Any CPU.ActiveCfg = Release|Any CPU
		{CABF5193-C076-4B35-ABAE-BD2EE93DB2DE}.Release|Any CPU.Build.0 = Release|Any CPU
	EndGlobalSection
	GlobalSection(SolutionProperties) = preSolution
		HideSolutionNode = FALSE
	EndGlobalSection
	GlobalSection(ExtensibilityGlobals) = postSolution
		SolutionGuid = {D6CA4F44-0B06-4A78-B56D-4CCBE4351DC2}
	EndGlobalSection
EndGlobal
